<Solution>
  <Project Path="Invoice.AI/Invoice.AI.csproj" Id="3be73ae3-258c-4f34-bec1-74764cfa2ac8" />
  <Project Path="Invoice.BAL/Invoice.BAL.csproj" Id="55bf2194-6d5a-41f8-8450-4a896f813c39" />
  <Project Path="Invoice.DAL/Invoice.DAL.csproj" Id="9f12d60e-83fe-4165-aacd-801b2b3b21ab" />
  <Project Path="Invoice.Data/Invoice.Data.csproj" Id="c4da612b-ec90-40b8-94d5-80c54d604835" />
  <Project Path="Invoice.DTOs/Invoice.DTOs.csproj" Id="eb6153dc-8f28-412b-aed6-920c5b006b7f" />
  <Project Path="Invoice.Model/Invoice.Model.csproj" Id="f3340c12-f6f4-428f-a0a3-30460b8868e6" />
  <Project Path="InvoiceCoreApi/InvoiceCoreApi.csproj" />
</Solution>
