<Solution>
  <Project Path="Invoice.AI.Test/Invoice.AI.Test.csproj" Id="f1ee5ae6-7476-4887-9be5-3517ffc3e20f" />
  <Project Path="Invoice.AI/Invoice.AI.csproj" Id="632b1b01-412b-4d4b-8968-41cbf12ae014" />
  <Project Path="Invoice.BAI.Test/Invoice.BAI.Test.csproj" Id="a9b25fd8-28a7-49f6-a6bb-0a5455be4e9b" />
  <Project Path="Invoice.BAL/Invoice.BAL.csproj" Id="55bf2194-6d5a-41f8-8450-4a896f813c39" />
  <Project Path="Invoice.CoreAPI.Test/Invoice.CoreAPI.Test.csproj" Id="8606580f-afc8-4ab6-95d5-4937814b124d" />
  <Project Path="Invoice.CoreAPI/Invoice.CoreAPI.csproj" Id="1738f86f-8d93-4fdb-a0e9-6ae3e991028f" />
  <Project Path="Invoice.DAL.Test/Invoice.DAL.Test.csproj" Id="2e0453d5-c4bd-40ac-accc-df6b885e21fe" />
  <Project Path="Invoice.DAL/Invoice.DAL.csproj" Id="9f12d60e-83fe-4165-aacd-801b2b3b21ab" />
  <Project Path="Invoice.Data/Invoice.Data.csproj" Id="c4da612b-ec90-40b8-94d5-80c54d604835" />
  <Project Path="Invoice.DTOs/Invoice.DTOs.csproj" Id="eb6153dc-8f28-412b-aed6-920c5b006b7f" />
  <Project Path="Invoice.Model/Invoice.Model.csproj" Id="f3340c12-f6f4-428f-a0a3-30460b8868e6" />
  <Project Path="InvoiceCoreApi/InvoiceCoreApi.csproj" />
</Solution>
